<?xml version="1.0"?>
<CONFIG>
  <ProjectOptions>
    <Version Value="9"/>
    <General>
      <MainUnit Value="0"/>
      <Title Value="hgdc-x"/>
      <ResourceType Value="res"/>
      <UseXPManifest Value="True"/>
      <XPManifest>
        <DpiAware Value="True"/>
      </XPManifest>
      <Icon Value="0"/>
      <ActiveWindowIndexAtStart Value="0"/>
    </General>
    <i18n>
      <EnableI18N LFM="False"/>
    </i18n>
    <VersionInfo>
      <UseVersionInfo Value="True"/>
      <RevisionNr Value="1"/>
      <Language Value="0809"/>
      <StringTable CompanyName="Tristan Linnell" ProductName="hgdc-x" ProductVersion=""/>
    </VersionInfo>
    <BuildModes Count="1" Active="Default">
      <Item1 Name="Default" Default="True"/>
    </BuildModes>
    <PublishOptions>
      <Version Value="2"/>
      <IncludeFileFilter Value="*.(pas|pp|inc|lfm|lpr|lrs|lpi|lpk|sh|xml)"/>
      <ExcludeFileFilter Value="*.(bak|ppu|o|so);*~;backup"/>
    </PublishOptions>
    <RunParams>
      <local>
        <FormatVersion Value="1"/>
        <LaunchingApplication PathPlusParams="/usr/bin/xterm -T 'Lazarus Run Output' -e $(LazarusDir)/tools/runwait.sh $(TargetCmdLine)"/>
      </local>
    </RunParams>
    <RequiredPackages Count="1">
      <Item1>
        <PackageName Value="LCL"/>
      </Item1>
    </RequiredPackages>
    <Units Count="40">
      <Unit0>
        <Filename Value="hgdcx.lpr"/>
        <IsPartOfProject Value="True"/>
        <UnitName Value="hgdcx1"/>
        <WindowIndex Value="0"/>
        <TopLine Value="1"/>
        <CursorPos X="75" Y="22"/>
        <UsageCount Value="80"/>
      </Unit0>
      <Unit1>
        <Filename Value="main.pas"/>
        <IsPartOfProject Value="True"/>
        <ComponentName Value="frmMain"/>
        <ResourceBaseClass Value="Form"/>
        <UnitName Value="Main"/>
        <IsVisibleTab Value="True"/>
        <EditorIndex Value="0"/>
        <WindowIndex Value="0"/>
        <TopLine Value="47"/>
        <CursorPos X="85" Y="72"/>
        <UsageCount Value="80"/>
        <Loaded Value="True"/>
        <LoadedDesigner Value="True"/>
      </Unit1>
      <Unit2>
        <Filename Value="libs/synapse/blcksock.pas"/>
        <UnitName Value="blcksock"/>
        <WindowIndex Value="0"/>
        <TopLine Value="981"/>
        <CursorPos X="14" Y="1003"/>
        <UsageCount Value="13"/>
      </Unit2>
      <Unit3>
        <Filename Value="hgdclient.pas"/>
        <IsPartOfProject Value="True"/>
        <UnitName Value="HGDClient"/>
        <EditorIndex Value="2"/>
        <WindowIndex Value="0"/>
        <TopLine Value="157"/>
        <CursorPos X="26" Y="300"/>
        <UsageCount Value="80"/>
        <Loaded Value="True"/>
      </Unit3>
      <Unit4>
        <Filename Value="/usr/lib/lazarus/0.9.30/lcl/stdctrls.pp"/>
        <UnitName Value="StdCtrls"/>
        <WindowIndex Value="0"/>
        <TopLine Value="880"/>
        <CursorPos X="3" Y="902"/>
        <UsageCount Value="9"/>
      </Unit4>
      <Unit5>
        <Filename Value="/usr/share/fpcsrc/2.4.2/rtl/unix/sysunixh.inc"/>
        <WindowIndex Value="0"/>
        <TopLine Value="6"/>
        <CursorPos X="2" Y="28"/>
        <UsageCount Value="9"/>
      </Unit5>
      <Unit6>
        <Filename Value="/usr/lib/lazarus/0.9.30/lcl/customtimer.pas"/>
        <UnitName Value="CustomTimer"/>
        <WindowIndex Value="0"/>
        <TopLine Value="159"/>
        <CursorPos X="1" Y="181"/>
        <UsageCount Value="13"/>
      </Unit6>
      <Unit7>
        <Filename Value="/usr/share/fpcsrc/2.4.2/rtl/objpas/classes/classesh.inc"/>
        <WindowIndex Value="0"/>
        <TopLine Value="603"/>
        <CursorPos X="14" Y="625"/>
        <UsageCount Value="13"/>
      </Unit7>
      <Unit8>
        <Filename Value="/usr/lib/lazarus/0.9.30/lcl/grids.pas"/>
        <UnitName Value="Grids"/>
        <WindowIndex Value="0"/>
        <TopLine Value="9193"/>
        <CursorPos X="1" Y="9215"/>
        <UsageCount Value="13"/>
      </Unit8>
      <Unit9>
        <Filename Value="debuglog.pas"/>
        <IsPartOfProject Value="True"/>
        <ComponentName Value="frmDebug"/>
        <ResourceBaseClass Value="Form"/>
        <UnitName Value="DebugLog"/>
        <EditorIndex Value="3"/>
        <WindowIndex Value="0"/>
        <TopLine Value="28"/>
        <CursorPos X="1" Y="1"/>
        <UsageCount Value="62"/>
        <Loaded Value="True"/>
        <LoadedDesigner Value="True"/>
      </Unit9>
      <Unit10>
        <Filename Value="/windows/Users/Tristan/Projects/Hexy/main.pas"/>
        <UnitName Value="main"/>
        <WindowIndex Value="0"/>
        <TopLine Value="1"/>
        <CursorPos X="30" Y="17"/>
        <UsageCount Value="11"/>
      </Unit10>
      <Unit11>
        <Filename Value="backup/hgdclient.pas.bak.sectional"/>
        <WindowIndex Value="0"/>
        <TopLine Value="237"/>
        <CursorPos X="41" Y="249"/>
        <UsageCount Value="10"/>
        <DefaultSyntaxHighlighter Value="None"/>
      </Unit11>
      <Unit12>
        <Filename Value="/usr/lib/lazarus/0.9.30/lcl/include/control.inc"/>
        <WindowIndex Value="0"/>
        <TopLine Value="2266"/>
        <CursorPos X="1" Y="2289"/>
        <UsageCount Value="14"/>
      </Unit12>
      <Unit13>
        <Filename Value="libs/synapse/ssl_openssl_lib.pas"/>
        <UnitName Value="ssl_openssl_lib"/>
        <WindowIndex Value="0"/>
        <TopLine Value="1158"/>
        <CursorPos X="25" Y="1171"/>
        <UsageCount Value="13"/>
      </Unit13>
      <Unit14>
        <Filename Value="libs/synapse/ssl_cryptlib.pas"/>
        <UnitName Value="ssl_cryptlib"/>
        <WindowIndex Value="0"/>
        <TopLine Value="67"/>
        <CursorPos X="3" Y="89"/>
        <UsageCount Value="10"/>
      </Unit14>
      <Unit15>
        <Filename Value="libs/synapse/ssl_sbb.pas"/>
        <UnitName Value="ssl_sbb"/>
        <WindowIndex Value="0"/>
        <TopLine Value="45"/>
        <CursorPos X="22" Y="67"/>
        <UsageCount Value="10"/>
      </Unit15>
      <Unit16>
        <Filename Value="libs/synapse/ssl_openssl.pas"/>
        <UnitName Value="ssl_openssl"/>
        <WindowIndex Value="0"/>
        <TopLine Value="557"/>
        <CursorPos X="18" Y="578"/>
        <UsageCount Value="12"/>
      </Unit16>
      <Unit17>
        <Filename Value="libs/synapse/synsock.pas"/>
        <UnitName Value="synsock"/>
        <WindowIndex Value="0"/>
        <TopLine Value="24"/>
        <CursorPos X="15" Y="61"/>
        <UsageCount Value="12"/>
      </Unit17>
      <Unit18>
        <Filename Value="/usr/share/fpcsrc/2.4.2/rtl/inc/systemh.inc"/>
        <WindowIndex Value="0"/>
        <TopLine Value="756"/>
        <CursorPos X="23" Y="778"/>
        <UsageCount Value="12"/>
      </Unit18>
      <Unit19>
        <Filename Value="libs/synapse/ssfpc.pas"/>
        <UnitName Value="ssfpc"/>
        <WindowIndex Value="0"/>
        <TopLine Value="72"/>
        <CursorPos X="3" Y="94"/>
        <UsageCount Value="12"/>
      </Unit19>
      <Unit20>
        <Filename Value="/usr/lib/lazarus/0.9.30/lcl/lresources.pp"/>
        <UnitName Value="LResources"/>
        <WindowIndex Value="0"/>
        <TopLine Value="3541"/>
        <CursorPos X="1" Y="3563"/>
        <UsageCount Value="12"/>
      </Unit20>
      <Unit21>
        <Filename Value="lastfm.pas"/>
        <IsPartOfProject Value="True"/>
        <UnitName Value="LastFM"/>
        <EditorIndex Value="1"/>
        <WindowIndex Value="0"/>
        <TopLine Value="13"/>
        <CursorPos X="11" Y="151"/>
        <UsageCount Value="38"/>
        <Loaded Value="True"/>
      </Unit21>
      <Unit22>
        <Filename Value="/usr/lib/lazarus/0.9.30/lcl/forms.pp"/>
        <UnitName Value="Forms"/>
        <WindowIndex Value="0"/>
        <TopLine Value="694"/>
        <CursorPos X="18" Y="716"/>
        <UsageCount Value="10"/>
      </Unit22>
      <Unit23>
        <Filename Value="/usr/lib/lazarus/0.9.30/lcl/controls.pp"/>
        <UnitName Value="Controls"/>
        <WindowIndex Value="0"/>
        <TopLine Value="1416"/>
        <CursorPos X="3" Y="1438"/>
        <UsageCount Value="10"/>
      </Unit23>
      <Unit24>
        <Filename Value="README.md"/>
        <EditorIndex Value="6"/>
        <WindowIndex Value="0"/>
        <TopLine Value="1"/>
        <CursorPos X="62" Y="10"/>
        <UsageCount Value="17"/>
        <Loaded Value="True"/>
        <DefaultSyntaxHighlighter Value="None"/>
      </Unit24>
      <Unit25>
        <Filename Value="COPYING"/>
        <EditorIndex Value="7"/>
        <WindowIndex Value="0"/>
        <TopLine Value="1"/>
        <CursorPos X="1" Y="1"/>
        <UsageCount Value="17"/>
        <Loaded Value="True"/>
        <DefaultSyntaxHighlighter Value="None"/>
      </Unit25>
      <Unit26>
        <Filename Value="/usr/lib/lazarus/0.9.30/lcl/graphics.pp"/>
        <UnitName Value="Graphics"/>
        <WindowIndex Value="0"/>
        <TopLine Value="35"/>
        <CursorPos X="3" Y="57"/>
        <UsageCount Value="10"/>
      </Unit26>
      <Unit27>
        <Filename Value="libs/synapse/httpsend.pas"/>
        <UnitName Value="httpsend"/>
        <WindowIndex Value="0"/>
        <TopLine Value="114"/>
        <CursorPos X="27" Y="117"/>
        <UsageCount Value="10"/>
      </Unit27>
      <Unit28>
        <Filename Value="C:/lazarus/fpc/2.4.2/source/packages/fcl-xml/src/dom.pp"/>
        <UnitName Value="DOM"/>
        <WindowIndex Value="0"/>
        <TopLine Value="94"/>
        <CursorPos X="1" Y="1"/>
        <UsageCount Value="10"/>
      </Unit28>
      <Unit29>
        <Filename Value="C:/lazarus/fpc/2.4.2/source/rtl/objpas/sysutils/sysstrh.inc"/>
        <WindowIndex Value="0"/>
        <TopLine Value="10"/>
        <CursorPos X="40" Y="33"/>
        <UsageCount Value="10"/>
      </Unit29>
      <Unit30>
        <Filename Value="libs/synapse/synacode.pas"/>
        <UnitName Value="synacode"/>
        <WindowIndex Value="0"/>
        <TopLine Value="121"/>
        <CursorPos X="10" Y="144"/>
        <UsageCount Value="10"/>
      </Unit30>
      <Unit31>
        <Filename Value="C:/lazarus/lcl/extctrls.pp"/>
        <UnitName Value="ExtCtrls"/>
        <WindowIndex Value="0"/>
        <TopLine Value="758"/>
        <CursorPos X="84" Y="774"/>
        <UsageCount Value="10"/>
      </Unit31>
      <Unit32>
        <Filename Value="settings.pas"/>
        <IsPartOfProject Value="True"/>
        <ComponentName Value="frmSettings"/>
        <ResourceBaseClass Value="Form"/>
        <UnitName Value="Settings"/>
        <EditorIndex Value="4"/>
        <WindowIndex Value="0"/>
        <TopLine Value="1"/>
        <CursorPos X="23" Y="24"/>
        <UsageCount Value="30"/>
        <Loaded Value="True"/>
        <LoadedDesigner Value="True"/>
      </Unit32>
      <Unit33>
        <Filename Value="C:/lazarus/lcl/graphics.pp"/>
        <UnitName Value="Graphics"/>
        <WindowIndex Value="0"/>
        <TopLine Value="921"/>
        <CursorPos X="14" Y="944"/>
        <UsageCount Value="11"/>
      </Unit33>
      <Unit34>
        <Filename Value="C:/lazarus/lcl/include/picture.inc"/>
        <WindowIndex Value="0"/>
        <TopLine Value="515"/>
        <CursorPos X="1" Y="538"/>
        <UsageCount Value="10"/>
      </Unit34>
      <Unit35>
        <Filename Value="C:/lazarus/lcl/include/fpimagebitmap.inc"/>
        <WindowIndex Value="0"/>
        <TopLine Value="123"/>
        <CursorPos X="1" Y="146"/>
        <UsageCount Value="10"/>
      </Unit35>
      <Unit36>
        <Filename Value="C:/lazarus/lcl/include/control.inc"/>
        <WindowIndex Value="0"/>
        <TopLine Value="3166"/>
        <CursorPos X="1" Y="3189"/>
        <UsageCount Value="10"/>
      </Unit36>
      <Unit37>
        <Filename Value="about.pas"/>
        <IsPartOfProject Value="True"/>
        <ComponentName Value="frmAbout"/>
        <ResourceBaseClass Value="Form"/>
        <UnitName Value="About"/>
        <EditorIndex Value="5"/>
        <WindowIndex Value="0"/>
        <TopLine Value="25"/>
        <CursorPos X="32" Y="33"/>
        <UsageCount Value="27"/>
        <Loaded Value="True"/>
        <LoadedDesigner Value="True"/>
      </Unit37>
      <Unit38>
        <Filename Value="C:/lazarus/lcl/interfaces/win32/win32wsbuttons.pp"/>
        <UnitName Value="Win32WSButtons"/>
        <WindowIndex Value="0"/>
        <TopLine Value="485"/>
        <CursorPos X="1" Y="508"/>
        <UsageCount Value="10"/>
      </Unit38>
      <Unit39>
        <Filename Value="/usr/share/fpcsrc/2.4.2/packages/fcl-xml/src/xmlread.pp"/>
        <UnitName Value="XMLRead"/>
        <WindowIndex Value="0"/>
        <TopLine Value="144"/>
        <CursorPos X="11" Y="46"/>
        <UsageCount Value="10"/>
      </Unit39>
    </Units>
    <JumpHistory Count="30" HistoryIndex="29">
      <Position1>
        <Filename Value="lastfm.pas"/>
        <Caret Line="93" Column="1" TopLine="65"/>
      </Position1>
      <Position2>
        <Filename Value="lastfm.pas"/>
        <Caret Line="95" Column="1" TopLine="65"/>
      </Position2>
      <Position3>
        <Filename Value="lastfm.pas"/>
        <Caret Line="131" Column="1" TopLine="109"/>
      </Position3>
      <Position4>
        <Filename Value="lastfm.pas"/>
        <Caret Line="132" Column="1" TopLine="109"/>
      </Position4>
      <Position5>
        <Filename Value="lastfm.pas"/>
        <Caret Line="135" Column="1" TopLine="109"/>
      </Position5>
      <Position6>
        <Filename Value="lastfm.pas"/>
        <Caret Line="87" Column="1" TopLine="65"/>
      </Position6>
      <Position7>
        <Filename Value="main.pas"/>
        <Caret Line="167" Column="1" TopLine="145"/>
      </Position7>
      <Position8>
        <Filename Value="main.pas"/>
        <Caret Line="244" Column="1" TopLine="222"/>
      </Position8>
      <Position9>
        <Filename Value="lastfm.pas"/>
        <Caret Line="101" Column="1" TopLine="68"/>
      </Position9>
      <Position10>
        <Filename Value="lastfm.pas"/>
        <Caret Line="87" Column="1" TopLine="68"/>
      </Position10>
      <Position11>
        <Filename Value="lastfm.pas"/>
        <Caret Line="88" Column="1" TopLine="68"/>
      </Position11>
      <Position12>
        <Filename Value="lastfm.pas"/>
        <Caret Line="89" Column="1" TopLine="68"/>
      </Position12>
      <Position13>
        <Filename Value="lastfm.pas"/>
        <Caret Line="91" Column="1" TopLine="68"/>
      </Position13>
      <Position14>
        <Filename Value="lastfm.pas"/>
        <Caret Line="93" Column="1" TopLine="68"/>
      </Position14>
      <Position15>
        <Filename Value="lastfm.pas"/>
        <Caret Line="95" Column="1" TopLine="68"/>
      </Position15>
      <Position16>
        <Filename Value="lastfm.pas"/>
        <Caret Line="96" Column="1" TopLine="68"/>
      </Position16>
      <Position17>
        <Filename Value="lastfm.pas"/>
        <Caret Line="135" Column="1" TopLine="113"/>
      </Position17>
      <Position18>
        <Filename Value="lastfm.pas"/>
        <Caret Line="136" Column="1" TopLine="113"/>
      </Position18>
      <Position19>
        <Filename Value="about.pas"/>
        <Caret Line="65" Column="81" TopLine="55"/>
      </Position19>
      <Position20>
        <Filename Value="about.pas"/>
        <Caret Line="67" Column="81" TopLine="57"/>
      </Position20>
      <Position21>
        <Filename Value="about.pas"/>
        <Caret Line="75" Column="1" TopLine="73"/>
      </Position21>
      <Position22>
        <Filename Value="about.pas"/>
        <Caret Line="82" Column="31" TopLine="79"/>
      </Position22>
      <Position23>
        <Filename Value="about.pas"/>
        <Caret Line="81" Column="76" TopLine="52"/>
      </Position23>
      <Position24>
        <Filename Value="about.pas"/>
        <Caret Line="83" Column="5" TopLine="53"/>
      </Position24>
      <Position25>
        <Filename Value="about.pas"/>
        <Caret Line="126" Column="1" TopLine="90"/>
      </Position25>
      <Position26>
        <Filename Value="about.pas"/>
        <Caret Line="45" Column="46" TopLine="30"/>
      </Position26>
      <Position27>
        <Filename Value="about.pas"/>
        <Caret Line="114" Column="3" TopLine="85"/>
      </Position27>
      <Position28>
        <Filename Value="about.pas"/>
        <Caret Line="113" Column="3" TopLine="84"/>
      </Position28>
      <Position29>
        <Filename Value="about.pas"/>
        <Caret Line="120" Column="3" TopLine="91"/>
      </Position29>
      <Position30>
        <Filename Value="about.pas"/>
        <Caret Line="79" Column="34" TopLine="64"/>
      </Position30>
    </JumpHistory>
  </ProjectOptions>
  <CompilerOptions>
    <Version Value="9"/>
    <Target>
      <Filename Value="hgdcx"/>
    </Target>
    <SearchPaths>
      <IncludeFiles Value="$(ProjOutDir)"/>
      <OtherUnitFiles Value="libs/synapse"/>
      <UnitOutputDirectory Value="lib/$(TargetCPU)-$(TargetOS)"/>
    </SearchPaths>
    <CodeGeneration>
      <Optimizations>
        <OptimizationLevel Value="0"/>
      </Optimizations>
    </CodeGeneration>
    <Linking>
      <Debugging>
        <GenerateDebugInfo Value="True"/>
        <UseLineInfoUnit Value="False"/>
      </Debugging>
      <Options>
        <Win32>
          <GraphicApplication Value="True"/>
        </Win32>
      </Options>
    </Linking>
    <Other>
      <CompilerMessages>
        <UseMsgFile Value="True"/>
      </CompilerMessages>
      <CompilerPath Value="$(CompPath)"/>
    </Other>
  </CompilerOptions>
  <Debugging>
    <BreakPoints Count="1">
      <Item1>
        <Source Value="main.pas"/>
        <Line Value="257"/>
      </Item1>
    </BreakPoints>
    <Exceptions Count="4">
      <Item1>
        <Name Value="EAbort"/>
      </Item1>
      <Item2>
        <Name Value="ECodetoolError"/>
      </Item2>
      <Item3>
        <Name Value="EFOpenError"/>
      </Item3>
      <Item4>
        <Name Value="EXMLReadError"/>
      </Item4>
    </Exceptions>
  </Debugging>
</CONFIG>
