<?xml version="1.0"?>
<CONFIG>
  <ProjectOptions>
    <Version Value="9"/>
    <General>
      <MainUnit Value="0"/>
      <Title Value="hgdc-x"/>
      <ResourceType Value="res"/>
      <UseXPManifest Value="True"/>
      <XPManifest>
        <DpiAware Value="True"/>
      </XPManifest>
      <ActiveWindowIndexAtStart Value="0"/>
    </General>
    <i18n>
      <EnableI18N LFM="False"/>
    </i18n>
    <VersionInfo>
      <StringTable ProductVersion=""/>
    </VersionInfo>
    <BuildModes Count="1" Active="Default">
      <Item1 Name="Default" Default="True"/>
    </BuildModes>
    <PublishOptions>
      <Version Value="2"/>
      <IncludeFileFilter Value="*.(pas|pp|inc|lfm|lpr|lrs|lpi|lpk|sh|xml)"/>
      <ExcludeFileFilter Value="*.(bak|ppu|o|so);*~;backup"/>
    </PublishOptions>
    <RunParams>
      <local>
        <FormatVersion Value="1"/>
        <LaunchingApplication PathPlusParams="/usr/bin/xterm -T 'Lazarus Run Output' -e $(LazarusDir)/tools/runwait.sh $(TargetCmdLine)"/>
      </local>
    </RunParams>
    <RequiredPackages Count="1">
      <Item1>
        <PackageName Value="LCL"/>
      </Item1>
    </RequiredPackages>
    <Units Count="7">
      <Unit0>
        <Filename Value="hgdcx.lpr"/>
        <IsPartOfProject Value="True"/>
        <UnitName Value="hgdcx1"/>
        <WindowIndex Value="0"/>
        <TopLine Value="1"/>
        <CursorPos X="43" Y="17"/>
        <UsageCount Value="28"/>
      </Unit0>
      <Unit1>
        <Filename Value="main.pas"/>
        <IsPartOfProject Value="True"/>
        <ComponentName Value="frmMain"/>
        <ResourceBaseClass Value="Form"/>
        <UnitName Value="main"/>
        <EditorIndex Value="0"/>
        <WindowIndex Value="0"/>
        <TopLine Value="1"/>
        <CursorPos X="14" Y="104"/>
        <UsageCount Value="28"/>
        <Loaded Value="True"/>
        <LoadedDesigner Value="True"/>
      </Unit1>
      <Unit2>
        <Filename Value="libs/synapse/blcksock.pas"/>
        <UnitName Value="blcksock"/>
        <WindowIndex Value="0"/>
        <TopLine Value="1"/>
        <CursorPos X="13" Y="311"/>
        <UsageCount Value="11"/>
      </Unit2>
      <Unit3>
        <Filename Value="hgdclient.pas"/>
        <IsPartOfProject Value="True"/>
        <UnitName Value="HGDClient"/>
        <IsVisibleTab Value="True"/>
        <EditorIndex Value="1"/>
        <WindowIndex Value="0"/>
        <TopLine Value="7"/>
        <CursorPos X="17" Y="18"/>
        <UsageCount Value="28"/>
        <Loaded Value="True"/>
      </Unit3>
      <Unit4>
        <Filename Value="/usr/lib/lazarus/0.9.30/lcl/stdctrls.pp"/>
        <UnitName Value="StdCtrls"/>
        <WindowIndex Value="0"/>
        <TopLine Value="880"/>
        <CursorPos X="3" Y="902"/>
        <UsageCount Value="10"/>
      </Unit4>
      <Unit5>
        <Filename Value="/usr/share/fpcsrc/2.4.2/rtl/unix/sysunixh.inc"/>
        <WindowIndex Value="0"/>
        <TopLine Value="6"/>
        <CursorPos X="2" Y="28"/>
        <UsageCount Value="10"/>
      </Unit5>
      <Unit6>
        <Filename Value="/usr/lib/lazarus/0.9.30/lcl/customtimer.pas"/>
        <UnitName Value="CustomTimer"/>
        <WindowIndex Value="0"/>
        <TopLine Value="172"/>
        <CursorPos X="1" Y="181"/>
        <UsageCount Value="10"/>
      </Unit6>
    </Units>
    <JumpHistory Count="30" HistoryIndex="29">
      <Position1>
        <Filename Value="main.pas"/>
        <Caret Line="56" Column="19" TopLine="33"/>
      </Position1>
      <Position2>
        <Filename Value="hgdclient.pas"/>
        <Caret Line="46" Column="29" TopLine="24"/>
      </Position2>
      <Position3>
        <Filename Value="hgdclient.pas"/>
        <Caret Line="70" Column="15" TopLine="33"/>
      </Position3>
      <Position4>
        <Filename Value="main.pas"/>
        <Caret Line="56" Column="17" TopLine="33"/>
      </Position4>
      <Position5>
        <Filename Value="hgdclient.pas"/>
        <Caret Line="46" Column="29" TopLine="24"/>
      </Position5>
      <Position6>
        <Filename Value="main.pas"/>
        <Caret Line="56" Column="17" TopLine="33"/>
      </Position6>
      <Position7>
        <Filename Value="hgdclient.pas"/>
        <Caret Line="135" Column="20" TopLine="121"/>
      </Position7>
      <Position8>
        <Filename Value="hgdclient.pas"/>
        <Caret Line="114" Column="66" TopLine="92"/>
      </Position8>
      <Position9>
        <Filename Value="hgdclient.pas"/>
        <Caret Line="18" Column="16" TopLine="1"/>
      </Position9>
      <Position10>
        <Filename Value="hgdclient.pas"/>
        <Caret Line="127" Column="6" TopLine="103"/>
      </Position10>
      <Position11>
        <Filename Value="hgdclient.pas"/>
        <Caret Line="93" Column="24" TopLine="89"/>
      </Position11>
      <Position12>
        <Filename Value="hgdclient.pas"/>
        <Caret Line="56" Column="18" TopLine="34"/>
      </Position12>
      <Position13>
        <Filename Value="hgdclient.pas"/>
        <Caret Line="102" Column="25" TopLine="99"/>
      </Position13>
      <Position14>
        <Filename Value="hgdclient.pas"/>
        <Caret Line="159" Column="1" TopLine="137"/>
      </Position14>
      <Position15>
        <Filename Value="hgdclient.pas"/>
        <Caret Line="192" Column="62" TopLine="167"/>
      </Position15>
      <Position16>
        <Filename Value="hgdclient.pas"/>
        <Caret Line="42" Column="43" TopLine="24"/>
      </Position16>
      <Position17>
        <Filename Value="hgdclient.pas"/>
        <Caret Line="101" Column="21" TopLine="64"/>
      </Position17>
      <Position18>
        <Filename Value="hgdclient.pas"/>
        <Caret Line="111" Column="16" TopLine="74"/>
      </Position18>
      <Position19>
        <Filename Value="hgdclient.pas"/>
        <Caret Line="152" Column="19" TopLine="115"/>
      </Position19>
      <Position20>
        <Filename Value="main.pas"/>
        <Caret Line="33" Column="44" TopLine="27"/>
      </Position20>
      <Position21>
        <Filename Value="main.pas"/>
        <Caret Line="86" Column="3" TopLine="44"/>
      </Position21>
      <Position22>
        <Filename Value="main.pas"/>
        <Caret Line="88" Column="28" TopLine="45"/>
      </Position22>
      <Position23>
        <Filename Value="main.pas"/>
        <Caret Line="89" Column="28" TopLine="46"/>
      </Position23>
      <Position24>
        <Filename Value="hgdclient.pas"/>
        <Caret Line="133" Column="7" TopLine="105"/>
      </Position24>
      <Position25>
        <Filename Value="hgdclient.pas"/>
        <Caret Line="131" Column="24" TopLine="110"/>
      </Position25>
      <Position26>
        <Filename Value="hgdclient.pas"/>
        <Caret Line="15" Column="49" TopLine="1"/>
      </Position26>
      <Position27>
        <Filename Value="main.pas"/>
        <Caret Line="63" Column="68" TopLine="1"/>
      </Position27>
      <Position28>
        <Filename Value="main.pas"/>
        <Caret Line="61" Column="3" TopLine="54"/>
      </Position28>
      <Position29>
        <Filename Value="main.pas"/>
        <Caret Line="103" Column="5" TopLine="63"/>
      </Position29>
      <Position30>
        <Filename Value="main.pas"/>
        <Caret Line="62" Column="26" TopLine="60"/>
      </Position30>
    </JumpHistory>
  </ProjectOptions>
  <CompilerOptions>
    <Version Value="9"/>
    <Target>
      <Filename Value="hgdcx"/>
    </Target>
    <SearchPaths>
      <IncludeFiles Value="$(ProjOutDir)"/>
      <OtherUnitFiles Value="libs/synapse"/>
      <UnitOutputDirectory Value="lib/$(TargetCPU)-$(TargetOS)"/>
    </SearchPaths>
    <CodeGeneration>
      <SmartLinkUnit Value="True"/>
    </CodeGeneration>
    <Linking>
      <Debugging>
        <GenerateDebugInfo Value="True"/>
      </Debugging>
      <LinkSmart Value="True"/>
      <Options>
        <Win32>
          <GraphicApplication Value="True"/>
        </Win32>
      </Options>
    </Linking>
    <Other>
      <CompilerMessages>
        <UseMsgFile Value="True"/>
      </CompilerMessages>
      <CompilerPath Value="$(CompPath)"/>
    </Other>
  </CompilerOptions>
  <Debugging>
    <Exceptions Count="3">
      <Item1>
        <Name Value="EAbort"/>
      </Item1>
      <Item2>
        <Name Value="ECodetoolError"/>
      </Item2>
      <Item3>
        <Name Value="EFOpenError"/>
      </Item3>
    </Exceptions>
  </Debugging>
</CONFIG>
